[[package]]
name = "pymupdf"
version = "1.18.12"
description = "Python bindings for the PDF rendering library MuPDF"
category = "main"
optional = false
python-versions = "*"

[metadata]
lock-version = "1.1"
python-versions = "^3.9"
content-hash = "5b7b4082119eed3861398b64a4d2534a9e8f4292152409126b7b0433aab7583f"

[metadata.files]
pymupdf = [
    {file = "PyMuPDF-1.18.12-cp36-cp36m-macosx_10_9_x86_64.whl", hash = "sha256:fc63949b63990baa4b738a151bc2d745e3b0d0bc0be5ac2e4fc14f4898d99a70"},
    {file = "PyMuPDF-1.18.12-cp36-cp36m-manylinux2010_x86_64.whl", hash = "sha256:742cb9bf84bd67d7fc8824c9fc69d8fb1eea47480749c7fd5dbcf7954df1fb9a"},
    {file = "PyMuPDF-1.18.12-cp36-cp36m-win32.whl", hash = "sha256:19a228af7b9438bf59f1ec52202ac6f014202046dab182f82acb6efdbf6f9e4b"},
    {file = "PyMuPDF-1.18.12-cp36-cp36m-win_amd64.whl", hash = "sha256:ba60a8ecbae946f36390ba32315235480a35af1a8304bc1927d9e36b87707b70"},
    {file = "PyMuPDF-1.18.12-cp37-cp37m-macosx_10_9_x86_64.whl", hash = "sha256:9fa9bcc6b6f0fce3f15426f3b9c2e1fd92643dfcd6ce24621339a33074405002"},
    {file = "PyMuPDF-1.18.12-cp37-cp37m-manylinux2010_x86_64.whl", hash = "sha256:d2082f1e7728abc90ad69e4081d0aed4f75858f95c61ab91fedeb44f35a17011"},
    {file = "PyMuPDF-1.18.12-cp37-cp37m-win32.whl", hash = "sha256:a1b5e2612d120c9c17ea803ed0bfc326228ce9b0be12d068a1a9704336d4e242"},
    {file = "PyMuPDF-1.18.12-cp37-cp37m-win_amd64.whl", hash = "sha256:77554e5fd49342192ae12f11836bf355212c8711a4f38af22fc3090a039cf678"},
    {file = "PyMuPDF-1.18.12-cp38-cp38-macosx_10_9_x86_64.whl", hash = "sha256:08c0b1ce23537b6abb87e6e0711fb823507530ab246cb211ae67b9e418e18ae8"},
    {file = "PyMuPDF-1.18.12-cp38-cp38-manylinux2010_x86_64.whl", hash = "sha256:73f0f354040ebb7c7ab04f27993a08c8c1223ac63e2a5863d04ef8fe4b91cfc5"},
    {file = "PyMuPDF-1.18.12-cp38-cp38-win32.whl", hash = "sha256:412c130c30ee3723950a56cf58598657279fff164d7efbf358bb1a663aec42d0"},
    {file = "PyMuPDF-1.18.12-cp38-cp38-win_amd64.whl", hash = "sha256:d81c3da49cb95bdd991a4abf6b5653501a3e597a89aa981ef1afddf9a56e88bb"},
    {file = "PyMuPDF-1.18.12-cp39-cp39-macosx_10_9_x86_64.whl", hash = "sha256:819ec801866a11febf35045dbe0006600ac435d4cd5480d81074cc98b03ace4b"},
    {file = "PyMuPDF-1.18.12-cp39-cp39-manylinux2010_x86_64.whl", hash = "sha256:41f708d8e4031beb7b07853c1362c76d86991b2acf6d86167db093b91962364f"},
    {file = "PyMuPDF-1.18.12-cp39-cp39-win32.whl", hash = "sha256:813c7be49208f224cdecede26aab780ba4814ffd1346ef2a4f740d413944b57e"},
    {file = "PyMuPDF-1.18.12-cp39-cp39-win_amd64.whl", hash = "sha256:9a4e1e5b80b518480b9518b22b103a2947824ee39e0d66743c3b3ced35086523"},
    {file = "PyMuPDF-1.18.12.tar.gz", hash = "sha256:daf48e7a34ae25f0507688c350431e59d4207326347cbfcc767960c3039555fb"},
]
